# THIS IS AN AUTOGENERATED FILE. DO NOT EDIT THIS FILE DIRECTLY.
# yarn lockfile v1


marked@^1.2.8:
  version "1.2.8"
  resolved "https://registry.yarnpkg.com/marked/-/marked-1.2.8.tgz#5008ece15cfa43e653e85845f3525af4beb6bdd4"
  integrity sha512-lzmFjGnzWHkmbk85q/ILZjFoHHJIQGF+SxGEfIdGk/XhiTPhqGs37gbru6Kkd48diJnEyYwnG67nru0Z2gQtuQ==
